
Microsoft Visual Studio Solution File, Format Version 12.00
# Visual Studio Version 17
VisualStudioVersion = 17.0.31903.59
MinimumVisualStudioVersion = 10.0.40219.1
Project("{2150E333-8FDC-42A3-9474-1A3956D46DE8}") = "companion", "companion", "{2E3208BA-65E8-6454-01E3-2E708A500844}"
EndProject
Project("{FAE04EC0-301F-11D3-BF4B-00C04F79EFBC}") = "PlaylistMixer.Companion.Service", "companion\PlaylistMixer.Companion.Service\PlaylistMixer.Companion.Service.csproj", "{B359C7B2-20FF-402D-AFCF-6E4772236C2A}"
EndProject
Project("{FAE04EC0-301F-11D3-BF4B-00C04F79EFBC}") = "PlaylistMixer.Companion.Tray", "companion\PlaylistMixer.Companion.Tray\PlaylistMixer.Companion.Tray.csproj", "{74C099F8-4A4D-40AA-AD17-6ED4E0E84742}"
EndProject
Project("{FAE04EC0-301F-11D3-BF4B-00C04F79EFBC}") = "PlaylistMixer.Playback", "PlaylistMixer.Playback\PlaylistMixer.Playback.csproj", "{56646633-6C54-4FF0-B332-32DD093BEFA7}"
EndProject
Global
	GlobalSection(SolutionConfigurationPlatforms) = preSolution
		Debug|Any CPU = Debug|Any CPU
		Debug|x64 = Debug|x64
		Debug|x86 = Debug|x86
		Release|Any CPU = Release|Any CPU
		Release|x64 = Release|x64
		Release|x86 = Release|x86
	EndGlobalSection
	GlobalSection(ProjectConfigurationPlatforms) = postSolution
		{B359C7B2-20FF-402D-AFCF-6E4772236C2A}.Debug|Any CPU.ActiveCfg = Debug|Any CPU
		{B359C7B2-20FF-402D-AFCF-6E4772236C2A}.Debug|Any CPU.Build.0 = Debug|Any CPU
		{B359C7B2-20FF-402D-AFCF-6E4772236C2A}.Debug|x64.ActiveCfg = Debug|Any CPU
		{B359C7B2-20FF-402D-AFCF-6E4772236C2A}.Debug|x64.Build.0 = Debug|Any CPU
		{B359C7B2-20FF-402D-AFCF-6E4772236C2A}.Debug|x86.ActiveCfg = Debug|Any CPU
		{B359C7B2-20FF-402D-AFCF-6E4772236C2A}.Debug|x86.Build.0 = Debug|Any CPU
		{B359C7B2-20FF-402D-AFCF-6E4772236C2A}.Release|Any CPU.ActiveCfg = Release|Any CPU
		{B359C7B2-20FF-402D-AFCF-6E4772236C2A}.Release|Any CPU.Build.0 = Release|Any CPU
		{B359C7B2-20FF-402D-AFCF-6E4772236C2A}.Release|x64.ActiveCfg = Release|Any CPU
		{B359C7B2-20FF-402D-AFCF-6E4772236C2A}.Release|x64.Build.0 = Release|Any CPU
		{B359C7B2-20FF-402D-AFCF-6E4772236C2A}.Release|x86.ActiveCfg = Release|Any CPU
		{B359C7B2-20FF-402D-AFCF-6E4772236C2A}.Release|x86.Build.0 = Release|Any CPU
		{74C099F8-4A4D-40AA-AD17-6ED4E0E84742}.Debug|Any CPU.ActiveCfg = Debug|Any CPU
		{74C099F8-4A4D-40AA-AD17-6ED4E0E84742}.Debug|Any CPU.Build.0 = Debug|Any CPU
		{74C099F8-4A4D-40AA-AD17-6ED4E0E84742}.Debug|x64.ActiveCfg = Debug|Any CPU
		{74C099F8-4A4D-40AA-AD17-6ED4E0E84742}.Debug|x64.Build.0 = Debug|Any CPU
		{74C099F8-4A4D-40AA-AD17-6ED4E0E84742}.Debug|x86.ActiveCfg = Debug|Any CPU
		{74C099F8-4A4D-40AA-AD17-6ED4E0E84742}.Debug|x86.Build.0 = Debug|Any CPU
		{74C099F8-4A4D-40AA-AD17-6ED4E0E84742}.Release|Any CPU.ActiveCfg = Release|Any CPU
		{74C099F8-4A4D-40AA-AD17-6ED4E0E84742}.Release|Any CPU.Build.0 = Release|Any CPU
		{74C099F8-4A4D-40AA-AD17-6ED4E0E84742}.Release|x64.ActiveCfg = Release|Any CPU
		{74C099F8-4A4D-40AA-AD17-6ED4E0E84742}.Release|x64.Build.0 = Release|Any CPU
		{74C099F8-4A4D-40AA-AD17-6ED4E0E84742}.Release|x86.ActiveCfg = Release|Any CPU
		{74C099F8-4A4D-40AA-AD17-6ED4E0E84742}.Release|x86.Build.0 = Release|Any CPU
		{56646633-6C54-4FF0-B332-32DD093BEFA7}.Debug|Any CPU.ActiveCfg = Debug|Any CPU
		{56646633-6C54-4FF0-B332-32DD093BEFA7}.Debug|Any CPU.Build.0 = Debug|Any CPU
		{56646633-6C54-4FF0-B332-32DD093BEFA7}.Debug|x64.ActiveCfg = Debug|Any CPU
		{56646633-6C54-4FF0-B332-32DD093BEFA7}.Debug|x64.Build.0 = Debug|Any CPU
		{56646633-6C54-4FF0-B332-32DD093BEFA7}.Debug|x86.ActiveCfg = Debug|Any CPU
		{56646633-6C54-4FF0-B332-32DD093BEFA7}.Debug|x86.Build.0 = Debug|Any CPU
		{56646633-6C54-4FF0-B332-32DD093BEFA7}.Release|Any CPU.ActiveCfg = Release|Any CPU
		{56646633-6C54-4FF0-B332-32DD093BEFA7}.Release|Any CPU.Build.0 = Release|Any CPU
		{56646633-6C54-4FF0-B332-32DD093BEFA7}.Release|x64.ActiveCfg = Release|Any CPU
		{56646633-6C54-4FF0-B332-32DD093BEFA7}.Release|x64.Build.0 = Release|Any CPU
		{56646633-6C54-4FF0-B332-32DD093BEFA7}.Release|x86.ActiveCfg = Release|Any CPU
		{56646633-6C54-4FF0-B332-32DD093BEFA7}.Release|x86.Build.0 = Release|Any CPU
	EndGlobalSection
	GlobalSection(SolutionProperties) = preSolution
		HideSolutionNode = FALSE
	EndGlobalSection
	GlobalSection(NestedProjects) = preSolution
		{B359C7B2-20FF-402D-AFCF-6E4772236C2A} = {2E3208BA-65E8-6454-01E3-2E708A500844}
		{74C099F8-4A4D-40AA-AD17-6ED4E0E84742} = {2E3208BA-65E8-6454-01E3-2E708A500844}
	EndGlobalSection
EndGlobal
